
Microsoft Visual Studio Solution File, Format Version 12.00
# Visual Studio Version 17
VisualStudioVersion = 17.3.32901.215
MinimumVisualStudioVersion = 10.0.40219.1
Project("{FAE04EC0-301F-11D3-BF4B-00C04F79EFBC}") = "APIAppLayer", "APIAppLayer.csproj", "{68C54003-8425-4B05-A1DF-CE95CCB27EBF}"
EndProject
Project("{FAE04EC0-301F-11D3-BF4B-00C04F79EFBC}") = "BLL", "..\BLL\BLL.csproj", "{1714212B-E76F-49B2-B782-6F17DED2471A}"
EndProject
Project("{FAE04EC0-301F-11D3-BF4B-00C04F79EFBC}") = "DAL", "..\DAL\DAL.csproj", "{3DCC1FAB-41CF-4A07-B599-CD5F96D62AE1}"
EndProject
Global
	GlobalSection(SolutionConfigurationPlatforms) = preSolution
		Debug|Any CPU = Debug|Any CPU
		Release|Any CPU = Release|Any CPU
	EndGlobalSection
	GlobalSection(ProjectConfigurationPlatforms) = postSolution
		{68C54003-8425-4B05-A1DF-CE95CCB27EBF}.Debug|Any CPU.ActiveCfg = Debug|Any CPU
		{68C54003-8425-4B05-A1DF-CE95CCB27EBF}.Debug|Any CPU.Build.0 = Debug|Any CPU
		{68C54003-8425-4B05-A1DF-CE95CCB27EBF}.Release|Any CPU.ActiveCfg = Release|Any CPU
		{68C54003-8425-4B05-A1DF-CE95CCB27EBF}.Release|Any CPU.Build.0 = Release|Any CPU
		{1714212B-E76F-49B2-B782-6F17DED2471A}.Debug|Any CPU.ActiveCfg = Debug|Any CPU
		{1714212B-E76F-49B2-B782-6F17DED2471A}.Debug|Any CPU.Build.0 = Debug|Any CPU
		{1714212B-E76F-49B2-B782-6F17DED2471A}.Release|Any CPU.ActiveCfg = Release|Any CPU
		{1714212B-E76F-49B2-B782-6F17DED2471A}.Release|Any CPU.Build.0 = Release|Any CPU
		{3DCC1FAB-41CF-4A07-B599-CD5F96D62AE1}.Debug|Any CPU.ActiveCfg = Debug|Any CPU
		{3DCC1FAB-41CF-4A07-B599-CD5F96D62AE1}.Debug|Any CPU.Build.0 = Debug|Any CPU
		{3DCC1FAB-41CF-4A07-B599-CD5F96D62AE1}.Release|Any CPU.ActiveCfg = Release|Any CPU
		{3DCC1FAB-41CF-4A07-B599-CD5F96D62AE1}.Release|Any CPU.Build.0 = Release|Any CPU
	EndGlobalSection
	GlobalSection(SolutionProperties) = preSolution
		HideSolutionNode = FALSE
	EndGlobalSection
	GlobalSection(ExtensibilityGlobals) = postSolution
		SolutionGuid = {64B5B8E7-BA0B-408D-81CE-AB3BDA867DCC}
	EndGlobalSection
EndGlobal
